
Microsoft Visual Studio Solution File, Format Version 12.00
# Visual Studio Version 17
VisualStudioVersion = 17.5.002.0
MinimumVisualStudioVersion = 10.0.40219.1
Project("{9A19103F-16F7-4668-BE54-9A1E7A4F7556}") = "PasswordHashAPI", "PasswordHashAPI.csproj", "{5444F3F5-3C5E-4DE9-B5C5-58F476538F1C}"
EndProject
Global
	GlobalSection(SolutionConfigurationPlatforms) = preSolution
		Debug|Any CPU = Debug|Any CPU
		Release|Any CPU = Release|Any CPU
	EndGlobalSection
	GlobalSection(ProjectConfigurationPlatforms) = postSolution
		{5444F3F5-3C5E-4DE9-B5C5-58F476538F1C}.Debug|Any CPU.ActiveCfg = Debug|Any CPU
		{5444F3F5-3C5E-4DE9-B5C5-58F476538F1C}.Debug|Any CPU.Build.0 = Debug|Any CPU
		{5444F3F5-3C5E-4DE9-B5C5-58F476538F1C}.Release|Any CPU.ActiveCfg = Release|Any CPU
		{5444F3F5-3C5E-4DE9-B5C5-58F476538F1C}.Release|Any CPU.Build.0 = Release|Any CPU
	EndGlobalSection
	GlobalSection(SolutionProperties) = preSolution
		HideSolutionNode = FALSE
	EndGlobalSection
	GlobalSection(ExtensibilityGlobals) = postSolution
		SolutionGuid = {5C20B260-2637-44D6-B96D-AD1814AC0229}
	EndGlobalSection
EndGlobal
